{
  "name": "phase-4-deploying-app-demo",
  "lockfileVersion": 2,
  "requires": true,
  "packages": {
    "": {
      "name": "phase-4-deploying-app-demo",
      "dependencies": {
        "postgresql": "^0.0.1"
      },
      "engines": {
        "node": "16.x"
      }
    },
    "node_modules/empty-dir": {
      "version": "0.1.0",
      "resolved": "https://registry.npmjs.org/empty-dir/-/empty-dir-0.1.0.tgz",
      "integrity": "sha512-EatTcJH5cVS/NXEpy7IWBSpH0WxvJdBnmRkz8Gqr2Jn4GmSqc4Q4E81SmVGOrHHHtCys1SsFKmAoHlhaFkRlmg==",
      "engines": {
        "node": ">= 0.8.0"
      }
    },
    "node_modules/postgresql": {
      "version": "0.0.1",
      "resolved": "https://registry.npmjs.org/postgresql/-/postgresql-0.0.1.tgz",
      "integrity": "sha512-qtBS+u3m4UxCVTTQBm58IR4TJWZKYVRa/egONxzkQtqEYhFc9HVno4S7//ABFRJR5LeCcrZtcBpZJ5SJkJkGEA==",
      "hasInstallScript": true,
      "dependencies": {
        "empty-dir": "^0.1.0"
      },
      "engines": {
        "node": ">= 0.10.0"
      }
    }
  },
  "dependencies": {
    "empty-dir": {
      "version": "0.1.0",
      "resolved": "https://registry.npmjs.org/empty-dir/-/empty-dir-0.1.0.tgz",
      "integrity": "sha512-EatTcJH5cVS/NXEpy7IWBSpH0WxvJdBnmRkz8Gqr2Jn4GmSqc4Q4E81SmVGOrHHHtCys1SsFKmAoHlhaFkRlmg=="
    },
    "postgresql": {
      "version": "0.0.1",
      "resolved": "https://registry.npmjs.org/postgresql/-/postgresql-0.0.1.tgz",
      "integrity": "sha512-qtBS+u3m4UxCVTTQBm58IR4TJWZKYVRa/egONxzkQtqEYhFc9HVno4S7//ABFRJR5LeCcrZtcBpZJ5SJkJkGEA==",
      "requires": {
        "empty-dir": "^0.1.0"
      }
    }
  }
}
